// !$*UTF8*$!
{
	archiveVersion = 1;
	classes = {
	};
	objectVersion = 56;
	objects = {

/* Begin PBXBuildFile section */
		3B68CED62A3A9AD700BD9493 /* SwiftInstagramApp.swift in Sources */ = {isa = PBXBuildFile; fileRef = 3B68CED52A3A9AD700BD9493 /* SwiftInstagramApp.swift */; };
		3B68CED82A3A9AD700BD9493 /* ContentView.swift in Sources */ = {isa = PBXBuildFile; fileRef = 3B68CED72A3A9AD700BD9493 /* ContentView.swift */; };
		3B68CEDA2A3A9AD700BD9493 /* Assets.xcassets in Resources */ = {isa = PBXBuildFile; fileRef = 3B68CED92A3A9AD700BD9493 /* Assets.xcassets */; };
		3B68CEDD2A3A9AD700BD9493 /* Preview Assets.xcassets in Resources */ = {isa = PBXBuildFile; fileRef = 3B68CEDC2A3A9AD700BD9493 /* Preview Assets.xcassets */; };
		3B68CEF22A3AB8BE00BD9493 /* MainTabView.swift in Sources */ = {isa = PBXBuildFile; fileRef = 3B68CEF12A3AB8BE00BD9493 /* MainTabView.swift */; };
		3B68CEF42A3ACDD000BD9493 /* ProfileView.swift in Sources */ = {isa = PBXBuildFile; fileRef = 3B68CEF32A3ACDD000BD9493 /* ProfileView.swift */; };
		3B68CEF72A3AD3C900BD9493 /* UserStatView.swift in Sources */ = {isa = PBXBuildFile; fileRef = 3B68CEF62A3AD3C900BD9493 /* UserStatView.swift */; };
/* End PBXBuildFile section */

/* Begin PBXFileReference section */
		3B68CED22A3A9AD700BD9493 /* SwiftInstagram.app */ = {isa = PBXFileReference; explicitFileType = wrapper.application; includeInIndex = 0; path = SwiftInstagram.app; sourceTree = BUILT_PRODUCTS_DIR; };
		3B68CED52A3A9AD700BD9493 /* SwiftInstagramApp.swift */ = {isa = PBXFileReference; lastKnownFileType = sourcecode.swift; path = SwiftInstagramApp.swift; sourceTree = "<group>"; };
		3B68CED72A3A9AD700BD9493 /* ContentView.swift */ = {isa = PBXFileReference; lastKnownFileType = sourcecode.swift; path = ContentView.swift; sourceTree = "<group>"; };
		3B68CED92A3A9AD700BD9493 /* Assets.xcassets */ = {isa = PBXFileReference; lastKnownFileType = folder.assetcatalog; path = Assets.xcassets; sourceTree = "<group>"; };
		3B68CEDC2A3A9AD700BD9493 /* Preview Assets.xcassets */ = {isa = PBXFileReference; lastKnownFileType = folder.assetcatalog; path = "Preview Assets.xcassets"; sourceTree = "<group>"; };
		3B68CEF12A3AB8BE00BD9493 /* MainTabView.swift */ = {isa = PBXFileReference; lastKnownFileType = sourcecode.swift; path = MainTabView.swift; sourceTree = "<group>"; };
		3B68CEF32A3ACDD000BD9493 /* ProfileView.swift */ = {isa = PBXFileReference; lastKnownFileType = sourcecode.swift; path = ProfileView.swift; sourceTree = "<group>"; };
		3B68CEF62A3AD3C900BD9493 /* UserStatView.swift */ = {isa = PBXFileReference; lastKnownFileType = sourcecode.swift; path = UserStatView.swift; sourceTree = "<group>"; };
/* End PBXFileReference section */

/* Begin PBXFrameworksBuildPhase section */
		3B68CECF2A3A9AD700BD9493 /* Frameworks */ = {
			isa = PBXFrameworksBuildPhase;
			buildActionMask = 2147483647;
			files = (
			);
			runOnlyForDeploymentPostprocessing = 0;
		};
/* End PBXFrameworksBuildPhase section */

/* Begin PBXGroup section */
		3B68CEC92A3A9AD700BD9493 = {
			isa = PBXGroup;
			children = (
				3B68CED42A3A9AD700BD9493 /* SwiftInstagram */,
				3B68CED32A3A9AD700BD9493 /* Products */,
			);
			sourceTree = "<group>";
		};
		3B68CED32A3A9AD700BD9493 /* Products */ = {
			isa = PBXGroup;
			children = (
				3B68CED22A3A9AD700BD9493 /* SwiftInstagram.app */,
			);
			name = Products;
			sourceTree = "<group>";
		};
		3B68CED42A3A9AD700BD9493 /* SwiftInstagram */ = {
			isa = PBXGroup;
			children = (
				3B68CEE72A3AB7E300BD9493 /* App */,
				3B68CEE62A3AB7E100BD9493 /* Core */,
				3B68CEE52A3AB7E000BD9493 /* Extension */,
				3B68CEE42A3AB7DF00BD9493 /* Model */,
				3B68CEE32A3AB7DA00BD9493 /* Service */,
				3B68CED52A3A9AD700BD9493 /* SwiftInstagramApp.swift */,
				3B68CED72A3A9AD700BD9493 /* ContentView.swift */,
				3B68CED92A3A9AD700BD9493 /* Assets.xcassets */,
				3B68CEDB2A3A9AD700BD9493 /* Preview Content */,
			);
			path = SwiftInstagram;
			sourceTree = "<group>";
		};
		3B68CEDB2A3A9AD700BD9493 /* Preview Content */ = {
			isa = PBXGroup;
			children = (
				3B68CEDC2A3A9AD700BD9493 /* Preview Assets.xcassets */,
			);
			path = "Preview Content";
			sourceTree = "<group>";
		};
		3B68CEE32A3AB7DA00BD9493 /* Service */ = {
			isa = PBXGroup;
			children = (
			);
			path = Service;
			sourceTree = "<group>";
		};
		3B68CEE42A3AB7DF00BD9493 /* Model */ = {
			isa = PBXGroup;
			children = (
			);
			path = Model;
			sourceTree = "<group>";
		};
		3B68CEE52A3AB7E000BD9493 /* Extension */ = {
			isa = PBXGroup;
			children = (
			);
			path = Extension;
			sourceTree = "<group>";
		};
		3B68CEE62A3AB7E100BD9493 /* Core */ = {
			isa = PBXGroup;
			children = (
				3B68CEF52A3AD3BC00BD9493 /* Components */,
				3B68CEE82A3AB81E00BD9493 /* Authentication */,
				3B68CEE92A3AB83200BD9493 /* Feed */,
				3B68CEEB2A3AB83E00BD9493 /* Profile */,
				3B68CEEA2A3AB83600BD9493 /* Root */,
				3B68CEEC2A3AB84800BD9493 /* Search */,
				3B68CEEE2A3AB85100BD9493 /* TabBar */,
				3B68CEED2A3AB85000BD9493 /* UploadPost */,
			);
			path = Core;
			sourceTree = "<group>";
		};
		3B68CEE72A3AB7E300BD9493 /* App */ = {
			isa = PBXGroup;
			children = (
			);
			path = App;
			sourceTree = "<group>";
		};
		3B68CEE82A3AB81E00BD9493 /* Authentication */ = {
			isa = PBXGroup;
			children = (
			);
			path = Authentication;
			sourceTree = "<group>";
		};
		3B68CEE92A3AB83200BD9493 /* Feed */ = {
			isa = PBXGroup;
			children = (
			);
			path = Feed;
			sourceTree = "<group>";
		};
		3B68CEEA2A3AB83600BD9493 /* Root */ = {
			isa = PBXGroup;
			children = (
			);
			path = Root;
			sourceTree = "<group>";
		};
		3B68CEEB2A3AB83E00BD9493 /* Profile */ = {
			isa = PBXGroup;
			children = (
				3B68CEF32A3ACDD000BD9493 /* ProfileView.swift */,
			);
			path = Profile;
			sourceTree = "<group>";
		};
		3B68CEEC2A3AB84800BD9493 /* Search */ = {
			isa = PBXGroup;
			children = (
			);
			path = Search;
			sourceTree = "<group>";
		};
		3B68CEED2A3AB85000BD9493 /* UploadPost */ = {
			isa = PBXGroup;
			children = (
			);
			path = UploadPost;
			sourceTree = "<group>";
		};
		3B68CEEE2A3AB85100BD9493 /* TabBar */ = {
			isa = PBXGroup;
			children = (
				3B68CEF12A3AB8BE00BD9493 /* MainTabView.swift */,
			);
			path = TabBar;
			sourceTree = "<group>";
		};
		3B68CEF52A3AD3BC00BD9493 /* Components */ = {
			isa = PBXGroup;
			children = (
				3B68CEF62A3AD3C900BD9493 /* UserStatView.swift */,
			);
			path = Components;
			sourceTree = "<group>";
		};
/* End PBXGroup section */

/* Begin PBXNativeTarget section */
		3B68CED12A3A9AD700BD9493 /* SwiftInstagram */ = {
			isa = PBXNativeTarget;
			buildConfigurationList = 3B68CEE02A3A9AD700BD9493 /* Build configuration list for PBXNativeTarget "SwiftInstagram" */;
			buildPhases = (
				3B68CECE2A3A9AD700BD9493 /* Sources */,
				3B68CECF2A3A9AD700BD9493 /* Frameworks */,
				3B68CED02A3A9AD700BD9493 /* Resources */,
			);
			buildRules = (
			);
			dependencies = (
			);
			name = SwiftInstagram;
			productName = SwiftInstagram;
			productReference = 3B68CED22A3A9AD700BD9493 /* SwiftInstagram.app */;
			productType = "com.apple.product-type.application";
		};
/* End PBXNativeTarget section */

/* Begin PBXProject section */
		3B68CECA2A3A9AD700BD9493 /* Project object */ = {
			isa = PBXProject;
			attributes = {
				BuildIndependentTargetsInParallel = 1;
				LastSwiftUpdateCheck = 1400;
				LastUpgradeCheck = 1400;
				TargetAttributes = {
					3B68CED12A3A9AD700BD9493 = {
						CreatedOnToolsVersion = 14.0.1;
					};
				};
			};
			buildConfigurationList = 3B68CECD2A3A9AD700BD9493 /* Build configuration list for PBXProject "SwiftInstagram" */;
			compatibilityVersion = "Xcode 14.0";
			developmentRegion = en;
			hasScannedForEncodings = 0;
			knownRegions = (
				en,
				Base,
			);
			mainGroup = 3B68CEC92A3A9AD700BD9493;
			productRefGroup = 3B68CED32A3A9AD700BD9493 /* Products */;
			projectDirPath = "";
			projectRoot = "";
			targets = (
				3B68CED12A3A9AD700BD9493 /* SwiftInstagram */,
			);
		};
/* End PBXProject section */

/* Begin PBXResourcesBuildPhase section */
		3B68CED02A3A9AD700BD9493 /* Resources */ = {
			isa = PBXResourcesBuildPhase;
			buildActionMask = 2147483647;
			files = (
				3B68CEDD2A3A9AD700BD9493 /* Preview Assets.xcassets in Resources */,
				3B68CEDA2A3A9AD700BD9493 /* Assets.xcassets in Resources */,
			);
			runOnlyForDeploymentPostprocessing = 0;
		};
/* End PBXResourcesBuildPhase section */

/* Begin PBXSourcesBuildPhase section */
		3B68CECE2A3A9AD700BD9493 /* Sources */ = {
			isa = PBXSourcesBuildPhase;
			buildActionMask = 2147483647;
			files = (
				3B68CEF42A3ACDD000BD9493 /* ProfileView.swift in Sources */,
				3B68CED82A3A9AD700BD9493 /* ContentView.swift in Sources */,
				3B68CED62A3A9AD700BD9493 /* SwiftInstagramApp.swift in Sources */,
				3B68CEF72A3AD3C900BD9493 /* UserStatView.swift in Sources */,
				3B68CEF22A3AB8BE00BD9493 /* MainTabView.swift in Sources */,
			);
			runOnlyForDeploymentPostprocessing = 0;
		};
/* End PBXSourcesBuildPhase section */

/* Begin XCBuildConfiguration section */
		3B68CEDE2A3A9AD700BD9493 /* Debug */ = {
			isa = XCBuildConfiguration;
			buildSettings = {
				ALWAYS_SEARCH_USER_PATHS = NO;
				CLANG_ANALYZER_NONNULL = YES;
				CLANG_ANALYZER_NUMBER_OBJECT_CONVERSION = YES_AGGRESSIVE;
				CLANG_CXX_LANGUAGE_STANDARD = "gnu++20";
				CLANG_ENABLE_MODULES = YES;
				CLANG_ENABLE_OBJC_ARC = YES;
				CLANG_ENABLE_OBJC_WEAK = YES;
				CLANG_WARN_BLOCK_CAPTURE_AUTORELEASING = YES;
				CLANG_WARN_BOOL_CONVERSION = YES;
				CLANG_WARN_COMMA = YES;
				CLANG_WARN_CONSTANT_CONVERSION = YES;
				CLANG_WARN_DEPRECATED_OBJC_IMPLEMENTATIONS = YES;
				CLANG_WARN_DIRECT_OBJC_ISA_USAGE = YES_ERROR;
				CLANG_WARN_DOCUMENTATION_COMMENTS = YES;
				CLANG_WARN_EMPTY_BODY = YES;
				CLANG_WARN_ENUM_CONVERSION = YES;
				CLANG_WARN_INFINITE_RECURSION = YES;
				CLANG_WARN_INT_CONVERSION = YES;
				CLANG_WARN_NON_LITERAL_NULL_CONVERSION = YES;
				CLANG_WARN_OBJC_IMPLICIT_RETAIN_SELF = YES;
				CLANG_WARN_OBJC_LITERAL_CONVERSION = YES;
				CLANG_WARN_OBJC_ROOT_CLASS = YES_ERROR;
				CLANG_WARN_QUOTED_INCLUDE_IN_FRAMEWORK_HEADER = YES;
				CLANG_WARN_RANGE_LOOP_ANALYSIS = YES;
				CLANG_WARN_STRICT_PROTOTYPES = YES;
				CLANG_WARN_SUSPICIOUS_MOVE = YES;
				CLANG_WARN_UNGUARDED_AVAILABILITY = YES_AGGRESSIVE;
				CLANG_WARN_UNREACHABLE_CODE = YES;
				CLANG_WARN__DUPLICATE_METHOD_MATCH = YES;
				COPY_PHASE_STRIP = NO;
				DEBUG_INFORMATION_FORMAT = dwarf;
				ENABLE_STRICT_OBJC_MSGSEND = YES;
				ENABLE_TESTABILITY = YES;
				GCC_C_LANGUAGE_STANDARD = gnu11;
				GCC_DYNAMIC_NO_PIC = NO;
				GCC_NO_COMMON_BLOCKS = YES;
				GCC_OPTIMIZATION_LEVEL = 0;
				GCC_PREPROCESSOR_DEFINITIONS = (
					"DEBUG=1",
					"$(inherited)",
				);
				GCC_WARN_64_TO_32_BIT_CONVERSION = YES;
				GCC_WARN_ABOUT_RETURN_TYPE = YES_ERROR;
				GCC_WARN_UNDECLARED_SELECTOR = YES;
				GCC_WARN_UNINITIALIZED_AUTOS = YES_AGGRESSIVE;
				GCC_WARN_UNUSED_FUNCTION = YES;
				GCC_WARN_UNUSED_VARIABLE = YES;
				IPHONEOS_DEPLOYMENT_TARGET = 16.0;
				MTL_ENABLE_DEBUG_INFO = INCLUDE_SOURCE;
				MTL_FAST_MATH = YES;
				ONLY_ACTIVE_ARCH = YES;
				SDKROOT = iphoneos;
				SWIFT_ACTIVE_COMPILATION_CONDITIONS = DEBUG;
				SWIFT_OPTIMIZATION_LEVEL = "-Onone";
			};
			name = Debug;
		};
		3B68CEDF2A3A9AD700BD9493 /* Release */ = {
			isa = XCBuildConfiguration;
			buildSettings = {
				ALWAYS_SEARCH_USER_PATHS = NO;
				CLANG_ANALYZER_NONNULL = YES;
				CLANG_ANALYZER_NUMBER_OBJECT_CONVERSION = YES_AGGRESSIVE;
				CLANG_CXX_LANGUAGE_STANDARD = "gnu++20";
				CLANG_ENABLE_MODULES = YES;
				CLANG_ENABLE_OBJC_ARC = YES;
				CLANG_ENABLE_OBJC_WEAK = YES;
				CLANG_WARN_BLOCK_CAPTURE_AUTORELEASING = YES;
				CLANG_WARN_BOOL_CONVERSION = YES;
				CLANG_WARN_COMMA = YES;
				CLANG_WARN_CONSTANT_CONVERSION = YES;
				CLANG_WARN_DEPRECATED_OBJC_IMPLEMENTATIONS = YES;
				CLANG_WARN_DIRECT_OBJC_ISA_USAGE = YES_ERROR;
				CLANG_WARN_DOCUMENTATION_COMMENTS = YES;
				CLANG_WARN_EMPTY_BODY = YES;
				CLANG_WARN_ENUM_CONVERSION = YES;
				CLANG_WARN_INFINITE_RECURSION = YES;
				CLANG_WARN_INT_CONVERSION = YES;
				CLANG_WARN_NON_LITERAL_NULL_CONVERSION = YES;
				CLANG_WARN_OBJC_IMPLICIT_RETAIN_SELF = YES;
				CLANG_WARN_OBJC_LITERAL_CONVERSION = YES;
				CLANG_WARN_OBJC_ROOT_CLASS = YES_ERROR;
				CLANG_WARN_QUOTED_INCLUDE_IN_FRAMEWORK_HEADER = YES;
				CLANG_WARN_RANGE_LOOP_ANALYSIS = YES;
				CLANG_WARN_STRICT_PROTOTYPES = YES;
				CLANG_WARN_SUSPICIOUS_MOVE = YES;
				CLANG_WARN_UNGUARDED_AVAILABILITY = YES_AGGRESSIVE;
				CLANG_WARN_UNREACHABLE_CODE = YES;
				CLANG_WARN__DUPLICATE_METHOD_MATCH = YES;
				COPY_PHASE_STRIP = NO;
				DEBUG_INFORMATION_FORMAT = "dwarf-with-dsym";
				ENABLE_NS_ASSERTIONS = NO;
				ENABLE_STRICT_OBJC_MSGSEND = YES;
				GCC_C_LANGUAGE_STANDARD = gnu11;
				GCC_NO_COMMON_BLOCKS = YES;
				GCC_WARN_64_TO_32_BIT_CONVERSION = YES;
				GCC_WARN_ABOUT_RETURN_TYPE = YES_ERROR;
				GCC_WARN_UNDECLARED_SELECTOR = YES;
				GCC_WARN_UNINITIALIZED_AUTOS = YES_AGGRESSIVE;
				GCC_WARN_UNUSED_FUNCTION = YES;
				GCC_WARN_UNUSED_VARIABLE = YES;
				IPHONEOS_DEPLOYMENT_TARGET = 16.0;
				MTL_ENABLE_DEBUG_INFO = NO;
				MTL_FAST_MATH = YES;
				SDKROOT = iphoneos;
				SWIFT_COMPILATION_MODE = wholemodule;
				SWIFT_OPTIMIZATION_LEVEL = "-O";
				VALIDATE_PRODUCT = YES;
			};
			name = Release;
		};
		3B68CEE12A3A9AD700BD9493 /* Debug */ = {
			isa = XCBuildConfiguration;
			buildSettings = {
				ASSETCATALOG_COMPILER_APPICON_NAME = AppIcon;
				ASSETCATALOG_COMPILER_GLOBAL_ACCENT_COLOR_NAME = AccentColor;
				CODE_SIGN_STYLE = Automatic;
				CURRENT_PROJECT_VERSION = 1;
				DEVELOPMENT_ASSET_PATHS = "\"SwiftInstagram/Preview Content\"";
				DEVELOPMENT_TEAM = Q3MU63B4W7;
				ENABLE_PREVIEWS = YES;
				GENERATE_INFOPLIST_FILE = YES;
				INFOPLIST_KEY_UIApplicationSceneManifest_Generation = YES;
				INFOPLIST_KEY_UIApplicationSupportsIndirectInputEvents = YES;
				INFOPLIST_KEY_UILaunchScreen_Generation = YES;
				INFOPLIST_KEY_UISupportedInterfaceOrientations_iPad = "UIInterfaceOrientationPortrait UIInterfaceOrientationPortraitUpsideDown UIInterfaceOrientationLandscapeLeft UIInterfaceOrientationLandscapeRight";
				INFOPLIST_KEY_UISupportedInterfaceOrientations_iPhone = "UIInterfaceOrientationPortrait UIInterfaceOrientationLandscapeLeft UIInterfaceOrientationLandscapeRight";
				LD_RUNPATH_SEARCH_PATHS = (
					"$(inherited)",
					"@executable_path/Frameworks",
				);
				MARKETING_VERSION = 1.0;
				PRODUCT_BUNDLE_IDENTIFIER = "Javier-Bonilla.SwiftInstagram";
				PRODUCT_NAME = "$(TARGET_NAME)";
				SWIFT_EMIT_LOC_STRINGS = YES;
				SWIFT_VERSION = 5.0;
				TARGETED_DEVICE_FAMILY = "1,2";
			};
			name = Debug;
		};
		3B68CEE22A3A9AD700BD9493 /* Release */ = {
			isa = XCBuildConfiguration;
			buildSettings = {
				ASSETCATALOG_COMPILER_APPICON_NAME = AppIcon;
				ASSETCATALOG_COMPILER_GLOBAL_ACCENT_COLOR_NAME = AccentColor;
				CODE_SIGN_STYLE = Automatic;
				CURRENT_PROJECT_VERSION = 1;
				DEVELOPMENT_ASSET_PATHS = "\"SwiftInstagram/Preview Content\"";
				DEVELOPMENT_TEAM = Q3MU63B4W7;
				ENABLE_PREVIEWS = YES;
				GENERATE_INFOPLIST_FILE = YES;
				INFOPLIST_KEY_UIApplicationSceneManifest_Generation = YES;
				INFOPLIST_KEY_UIApplicationSupportsIndirectInputEvents = YES;
				INFOPLIST_KEY_UILaunchScreen_Generation = YES;
				INFOPLIST_KEY_UISupportedInterfaceOrientations_iPad = "UIInterfaceOrientationPortrait UIInterfaceOrientationPortraitUpsideDown UIInterfaceOrientationLandscapeLeft UIInterfaceOrientationLandscapeRight";
				INFOPLIST_KEY_UISupportedInterfaceOrientations_iPhone = "UIInterfaceOrientationPortrait UIInterfaceOrientationLandscapeLeft UIInterfaceOrientationLandscapeRight";
				LD_RUNPATH_SEARCH_PATHS = (
					"$(inherited)",
					"@executable_path/Frameworks",
				);
				MARKETING_VERSION = 1.0;
				PRODUCT_BUNDLE_IDENTIFIER = "Javier-Bonilla.SwiftInstagram";
				PRODUCT_NAME = "$(TARGET_NAME)";
				SWIFT_EMIT_LOC_STRINGS = YES;
				SWIFT_VERSION = 5.0;
				TARGETED_DEVICE_FAMILY = "1,2";
			};
			name = Release;
		};
/* End XCBuildConfiguration section */

/* Begin XCConfigurationList section */
		3B68CECD2A3A9AD700BD9493 /* Build configuration list for PBXProject "SwiftInstagram" */ = {
			isa = XCConfigurationList;
			buildConfigurations = (
				3B68CEDE2A3A9AD700BD9493 /* Debug */,
				3B68CEDF2A3A9AD700BD9493 /* Release */,
			);
			defaultConfigurationIsVisible = 0;
			defaultConfigurationName = Release;
		};
		3B68CEE02A3A9AD700BD9493 /* Build configuration list for PBXNativeTarget "SwiftInstagram" */ = {
			isa = XCConfigurationList;
			buildConfigurations = (
				3B68CEE12A3A9AD700BD9493 /* Debug */,
				3B68CEE22A3A9AD700BD9493 /* Release */,
			);
			defaultConfigurationIsVisible = 0;
			defaultConfigurationName = Release;
		};
/* End XCConfigurationList section */
	};
	rootObject = 3B68CECA2A3A9AD700BD9493 /* Project object */;
}
